
Microsoft Visual Studio Solution File, Format Version 12.00
# Visual Studio 14
VisualStudioVersion = 14.0.25420.1
MinimumVisualStudioVersion = 10.0.40219.1
Project("{FAE04EC0-301F-11D3-BF4B-00C04F79EFBC}") = "CertUpdate", "CertUpdate\CertUpdate.csproj", "{68CCF18F-3153-4AAA-83F9-4CC2A1349E15}"
EndProject
Project("{FAE04EC0-301F-11D3-BF4B-00C04F79EFBC}") = "CertUpdateLib", "CertUpdateLib\CertUpdateLib.csproj", "{3D9F66E3-4740-4D4E-B04D-E95EC61B3DC3}"
EndProject
Project("{FAE04EC0-301F-11D3-BF4B-00C04F79EFBC}") = "CertUpdateUtil", "CertUpdateUtil\CertUpdateUtil.csproj", "{6FED89AA-EAB2-40F5-98E5-0446A3ABA886}"
EndProject
Global
	GlobalSection(SolutionConfigurationPlatforms) = preSolution
		Debug|Any CPU = Debug|Any CPU
		Release|Any CPU = Release|Any CPU
	EndGlobalSection
	GlobalSection(ProjectConfigurationPlatforms) = postSolution
		{68CCF18F-3153-4AAA-83F9-4CC2A1349E15}.Debug|Any CPU.ActiveCfg = Debug|Any CPU
		{68CCF18F-3153-4AAA-83F9-4CC2A1349E15}.Debug|Any CPU.Build.0 = Debug|Any CPU
		{68CCF18F-3153-4AAA-83F9-4CC2A1349E15}.Release|Any CPU.ActiveCfg = Release|Any CPU
		{68CCF18F-3153-4AAA-83F9-4CC2A1349E15}.Release|Any CPU.Build.0 = Release|Any CPU
		{3D9F66E3-4740-4D4E-B04D-E95EC61B3DC3}.Debug|Any CPU.ActiveCfg = Debug|Any CPU
		{3D9F66E3-4740-4D4E-B04D-E95EC61B3DC3}.Debug|Any CPU.Build.0 = Debug|Any CPU
		{3D9F66E3-4740-4D4E-B04D-E95EC61B3DC3}.Release|Any CPU.ActiveCfg = Release|Any CPU
		{3D9F66E3-4740-4D4E-B04D-E95EC61B3DC3}.Release|Any CPU.Build.0 = Release|Any CPU
		{6FED89AA-EAB2-40F5-98E5-0446A3ABA886}.Debug|Any CPU.ActiveCfg = Debug|Any CPU
		{6FED89AA-EAB2-40F5-98E5-0446A3ABA886}.Debug|Any CPU.Build.0 = Debug|Any CPU
		{6FED89AA-EAB2-40F5-98E5-0446A3ABA886}.Release|Any CPU.ActiveCfg = Release|Any CPU
		{6FED89AA-EAB2-40F5-98E5-0446A3ABA886}.Release|Any CPU.Build.0 = Release|Any CPU
	EndGlobalSection
	GlobalSection(SolutionProperties) = preSolution
		HideSolutionNode = FALSE
	EndGlobalSection
EndGlobal
